
Microsoft Visual Studio Solution File, Format Version 12.00
# Visual Studio Version 17
VisualStudioVersion = 17.8.34330.188
MinimumVisualStudioVersion = 10.0.40219.1
Project("{FAE04EC0-301F-11D3-BF4B-00C04F79EFBC}") = "Staff_Management_system", "Staff_Management_system.csproj", "{10467EB3-026B-47F4-81CA-6F513AB0C3A8}"
EndProject
Global
	GlobalSection(SolutionConfigurationPlatforms) = preSolution
		Debug|Any CPU = Debug|Any CPU
		Release|Any CPU = Release|Any CPU
	EndGlobalSection
	GlobalSection(ProjectConfigurationPlatforms) = postSolution
		{10467EB3-026B-47F4-81CA-6F513AB0C3A8}.Debug|Any CPU.ActiveCfg = Debug|Any CPU
		{10467EB3-026B-47F4-81CA-6F513AB0C3A8}.Debug|Any CPU.Build.0 = Debug|Any CPU
		{10467EB3-026B-47F4-81CA-6F513AB0C3A8}.Release|Any CPU.ActiveCfg = Release|Any CPU
		{10467EB3-026B-47F4-81CA-6F513AB0C3A8}.Release|Any CPU.Build.0 = Release|Any CPU
	EndGlobalSection
	GlobalSection(SolutionProperties) = preSolution
		HideSolutionNode = FALSE
	EndGlobalSection
	GlobalSection(ExtensibilityGlobals) = postSolution
		SolutionGuid = {001D7812-C02B-494C-A65B-F141C3C4D47C}
	EndGlobalSection
EndGlobal
